
Microsoft Visual Studio Solution File, Format Version 12.00
# Visual Studio Version 17
VisualStudioVersion = 17.10.35027.167
MinimumVisualStudioVersion = 10.0.40219.1
Project("{FAE04EC0-301F-11D3-BF4B-00C04F79EFBC}") = "LinqGroupJoin", "LinqGroupJoin\LinqGroupJoin.csproj", "{06A849A7-E7F3-4DC4-AEC1-D49736DC71A0}"
EndProject
Global
	GlobalSection(SolutionConfigurationPlatforms) = preSolution
		Debug|Any CPU = Debug|Any CPU
		Release|Any CPU = Release|Any CPU
	EndGlobalSection
	GlobalSection(ProjectConfigurationPlatforms) = postSolution
		{06A849A7-E7F3-4DC4-AEC1-D49736DC71A0}.Debug|Any CPU.ActiveCfg = Debug|Any CPU
		{06A849A7-E7F3-4DC4-AEC1-D49736DC71A0}.Debug|Any CPU.Build.0 = Debug|Any CPU
		{06A849A7-E7F3-4DC4-AEC1-D49736DC71A0}.Release|Any CPU.ActiveCfg = Release|Any CPU
		{06A849A7-E7F3-4DC4-AEC1-D49736DC71A0}.Release|Any CPU.Build.0 = Release|Any CPU
	EndGlobalSection
	GlobalSection(SolutionProperties) = preSolution
		HideSolutionNode = FALSE
	EndGlobalSection
	GlobalSection(ExtensibilityGlobals) = postSolution
		SolutionGuid = {4460D2F2-4356-49AA-8788-9489D7EE2CD5}
	EndGlobalSection
EndGlobal
